// !$*UTF8*$!
{
	archiveVersion = 1;
	classes = {
	};
	objectVersion = 55;
	objects = {

/* Begin PBXBuildFile section */
		94CD90FD27AC0A4E000B60DA /* AppDelegate.swift in Sources */ = {isa = PBXBuildFile; fileRef = 94CD90FC27AC0A4E000B60DA /* AppDelegate.swift */; };
		94CD90FF27AC0A4E000B60DA /* SceneDelegate.swift in Sources */ = {isa = PBXBuildFile; fileRef = 94CD90FE27AC0A4E000B60DA /* SceneDelegate.swift */; };
		94CD910127AC0A4E000B60DA /* ViewController.swift in Sources */ = {isa = PBXBuildFile; fileRef = 94CD910027AC0A4E000B60DA /* ViewController.swift */; };
		94CD910427AC0A4E000B60DA /* Main.storyboard in Resources */ = {isa = PBXBuildFile; fileRef = 94CD910227AC0A4E000B60DA /* Main.storyboard */; };
		94CD910627AC0A4F000B60DA /* Assets.xcassets in Resources */ = {isa = PBXBuildFile; fileRef = 94CD910527AC0A4F000B60DA /* Assets.xcassets */; };
		94CD910927AC0A4F000B60DA /* LaunchScreen.storyboard in Resources */ = {isa = PBXBuildFile; fileRef = 94CD910727AC0A4F000B60DA /* LaunchScreen.storyboard */; };
		94CD911427AC0A4F000B60DA /* Movie_HubTests.swift in Sources */ = {isa = PBXBuildFile; fileRef = 94CD911327AC0A4F000B60DA /* Movie_HubTests.swift */; };
		94CD911E27AC0A4F000B60DA /* Movie_HubUITests.swift in Sources */ = {isa = PBXBuildFile; fileRef = 94CD911D27AC0A4F000B60DA /* Movie_HubUITests.swift */; };
		94CD912027AC0A4F000B60DA /* Movie_HubUITestsLaunchTests.swift in Sources */ = {isa = PBXBuildFile; fileRef = 94CD911F27AC0A4F000B60DA /* Movie_HubUITestsLaunchTests.swift */; };
/* End PBXBuildFile section */

/* Begin PBXContainerItemProxy section */
		94CD911027AC0A4F000B60DA /* PBXContainerItemProxy */ = {
			isa = PBXContainerItemProxy;
			containerPortal = 94CD90F127AC0A4D000B60DA /* Project object */;
			proxyType = 1;
			remoteGlobalIDString = 94CD90F827AC0A4D000B60DA;
			remoteInfo = "Movie Hub";
		};
		94CD911A27AC0A4F000B60DA /* PBXContainerItemProxy */ = {
			isa = PBXContainerItemProxy;
			containerPortal = 94CD90F127AC0A4D000B60DA /* Project object */;
			proxyType = 1;
			remoteGlobalIDString = 94CD90F827AC0A4D000B60DA;
			remoteInfo = "Movie Hub";
		};
/* End PBXContainerItemProxy section */

/* Begin PBXFileReference section */
		94CD90F927AC0A4E000B60DA /* Movie Hub.app */ = {isa = PBXFileReference; explicitFileType = wrapper.application; includeInIndex = 0; path = "Movie Hub.app"; sourceTree = BUILT_PRODUCTS_DIR; };
		94CD90FC27AC0A4E000B60DA /* AppDelegate.swift */ = {isa = PBXFileReference; lastKnownFileType = sourcecode.swift; path = AppDelegate.swift; sourceTree = "<group>"; };
		94CD90FE27AC0A4E000B60DA /* SceneDelegate.swift */ = {isa = PBXFileReference; lastKnownFileType = sourcecode.swift; path = SceneDelegate.swift; sourceTree = "<group>"; };
		94CD910027AC0A4E000B60DA /* ViewController.swift */ = {isa = PBXFileReference; lastKnownFileType = sourcecode.swift; path = ViewController.swift; sourceTree = "<group>"; };
		94CD910327AC0A4E000B60DA /* Base */ = {isa = PBXFileReference; lastKnownFileType = file.storyboard; name = Base; path = Base.lproj/Main.storyboard; sourceTree = "<group>"; };
		94CD910527AC0A4F000B60DA /* Assets.xcassets */ = {isa = PBXFileReference; lastKnownFileType = folder.assetcatalog; path = Assets.xcassets; sourceTree = "<group>"; };
		94CD910827AC0A4F000B60DA /* Base */ = {isa = PBXFileReference; lastKnownFileType = file.storyboard; name = Base; path = Base.lproj/LaunchScreen.storyboard; sourceTree = "<group>"; };
		94CD910A27AC0A4F000B60DA /* Info.plist */ = {isa = PBXFileReference; lastKnownFileType = text.plist.xml; path = Info.plist; sourceTree = "<group>"; };
		94CD910F27AC0A4F000B60DA /* Movie HubTests.xctest */ = {isa = PBXFileReference; explicitFileType = wrapper.cfbundle; includeInIndex = 0; path = "Movie HubTests.xctest"; sourceTree = BUILT_PRODUCTS_DIR; };
		94CD911327AC0A4F000B60DA /* Movie_HubTests.swift */ = {isa = PBXFileReference; lastKnownFileType = sourcecode.swift; path = Movie_HubTests.swift; sourceTree = "<group>"; };
		94CD911927AC0A4F000B60DA /* Movie HubUITests.xctest */ = {isa = PBXFileReference; explicitFileType = wrapper.cfbundle; includeInIndex = 0; path = "Movie HubUITests.xctest"; sourceTree = BUILT_PRODUCTS_DIR; };
		94CD911D27AC0A4F000B60DA /* Movie_HubUITests.swift */ = {isa = PBXFileReference; lastKnownFileType = sourcecode.swift; path = Movie_HubUITests.swift; sourceTree = "<group>"; };
		94CD911F27AC0A4F000B60DA /* Movie_HubUITestsLaunchTests.swift */ = {isa = PBXFileReference; lastKnownFileType = sourcecode.swift; path = Movie_HubUITestsLaunchTests.swift; sourceTree = "<group>"; };
/* End PBXFileReference section */

/* Begin PBXFrameworksBuildPhase section */
		94CD90F627AC0A4D000B60DA /* Frameworks */ = {
			isa = PBXFrameworksBuildPhase;
			buildActionMask = 2147483647;
			files = (
			);
			runOnlyForDeploymentPostprocessing = 0;
		};
		94CD910C27AC0A4F000B60DA /* Frameworks */ = {
			isa = PBXFrameworksBuildPhase;
			buildActionMask = 2147483647;
			files = (
			);
			runOnlyForDeploymentPostprocessing = 0;
		};
		94CD911627AC0A4F000B60DA /* Frameworks */ = {
			isa = PBXFrameworksBuildPhase;
			buildActionMask = 2147483647;
			files = (
			);
			runOnlyForDeploymentPostprocessing = 0;
		};
/* End PBXFrameworksBuildPhase section */

/* Begin PBXGroup section */
		94CD90F027AC0A4D000B60DA = {
			isa = PBXGroup;
			children = (
				94CD90FB27AC0A4E000B60DA /* Movie Hub */,
				94CD911227AC0A4F000B60DA /* Movie HubTests */,
				94CD911C27AC0A4F000B60DA /* Movie HubUITests */,
				94CD90FA27AC0A4E000B60DA /* Products */,
			);
			sourceTree = "<group>";
		};
		94CD90FA27AC0A4E000B60DA /* Products */ = {
			isa = PBXGroup;
			children = (
				94CD90F927AC0A4E000B60DA /* Movie Hub.app */,
				94CD910F27AC0A4F000B60DA /* Movie HubTests.xctest */,
				94CD911927AC0A4F000B60DA /* Movie HubUITests.xctest */,
			);
			name = Products;
			sourceTree = "<group>";
		};
		94CD90FB27AC0A4E000B60DA /* Movie Hub */ = {
			isa = PBXGroup;
			children = (
				94CD90FC27AC0A4E000B60DA /* AppDelegate.swift */,
				94CD90FE27AC0A4E000B60DA /* SceneDelegate.swift */,
				94CD910027AC0A4E000B60DA /* ViewController.swift */,
				94CD910227AC0A4E000B60DA /* Main.storyboard */,
				94CD910527AC0A4F000B60DA /* Assets.xcassets */,
				94CD910727AC0A4F000B60DA /* LaunchScreen.storyboard */,
				94CD910A27AC0A4F000B60DA /* Info.plist */,
			);
			path = "Movie Hub";
			sourceTree = "<group>";
		};
		94CD911227AC0A4F000B60DA /* Movie HubTests */ = {
			isa = PBXGroup;
			children = (
				94CD911327AC0A4F000B60DA /* Movie_HubTests.swift */,
			);
			path = "Movie HubTests";
			sourceTree = "<group>";
		};
		94CD911C27AC0A4F000B60DA /* Movie HubUITests */ = {
			isa = PBXGroup;
			children = (
				94CD911D27AC0A4F000B60DA /* Movie_HubUITests.swift */,
				94CD911F27AC0A4F000B60DA /* Movie_HubUITestsLaunchTests.swift */,
			);
			path = "Movie HubUITests";
			sourceTree = "<group>";
		};
/* End PBXGroup section */

/* Begin PBXNativeTarget section */
		94CD90F827AC0A4D000B60DA /* Movie Hub */ = {
			isa = PBXNativeTarget;
			buildConfigurationList = 94CD912327AC0A4F000B60DA /* Build configuration list for PBXNativeTarget "Movie Hub" */;
			buildPhases = (
				94CD90F527AC0A4D000B60DA /* Sources */,
				94CD90F627AC0A4D000B60DA /* Frameworks */,
				94CD90F727AC0A4D000B60DA /* Resources */,
			);
			buildRules = (
			);
			dependencies = (
			);
			name = "Movie Hub";
			productName = "Movie Hub";
			productReference = 94CD90F927AC0A4E000B60DA /* Movie Hub.app */;
			productType = "com.apple.product-type.application";
		};
		94CD910E27AC0A4F000B60DA /* Movie HubTests */ = {
			isa = PBXNativeTarget;
			buildConfigurationList = 94CD912627AC0A4F000B60DA /* Build configuration list for PBXNativeTarget "Movie HubTests" */;
			buildPhases = (
				94CD910B27AC0A4F000B60DA /* Sources */,
				94CD910C27AC0A4F000B60DA /* Frameworks */,
				94CD910D27AC0A4F000B60DA /* Resources */,
			);
			buildRules = (
			);
			dependencies = (
				94CD911127AC0A4F000B60DA /* PBXTargetDependency */,
			);
			name = "Movie HubTests";
			productName = "Movie HubTests";
			productReference = 94CD910F27AC0A4F000B60DA /* Movie HubTests.xctest */;
			productType = "com.apple.product-type.bundle.unit-test";
		};
		94CD911827AC0A4F000B60DA /* Movie HubUITests */ = {
			isa = PBXNativeTarget;
			buildConfigurationList = 94CD912927AC0A4F000B60DA /* Build configuration list for PBXNativeTarget "Movie HubUITests" */;
			buildPhases = (
				94CD911527AC0A4F000B60DA /* Sources */,
				94CD911627AC0A4F000B60DA /* Frameworks */,
				94CD911727AC0A4F000B60DA /* Resources */,
			);
			buildRules = (
			);
			dependencies = (
				94CD911B27AC0A4F000B60DA /* PBXTargetDependency */,
			);
			name = "Movie HubUITests";
			productName = "Movie HubUITests";
			productReference = 94CD911927AC0A4F000B60DA /* Movie HubUITests.xctest */;
			productType = "com.apple.product-type.bundle.ui-testing";
		};
/* End PBXNativeTarget section */

/* Begin PBXProject section */
		94CD90F127AC0A4D000B60DA /* Project object */ = {
			isa = PBXProject;
			attributes = {
				BuildIndependentTargetsInParallel = 1;
				LastSwiftUpdateCheck = 1320;
				LastUpgradeCheck = 1320;
				TargetAttributes = {
					94CD90F827AC0A4D000B60DA = {
						CreatedOnToolsVersion = 13.2.1;
					};
					94CD910E27AC0A4F000B60DA = {
						CreatedOnToolsVersion = 13.2.1;
						TestTargetID = 94CD90F827AC0A4D000B60DA;
					};
					94CD911827AC0A4F000B60DA = {
						CreatedOnToolsVersion = 13.2.1;
						TestTargetID = 94CD90F827AC0A4D000B60DA;
					};
				};
			};
			buildConfigurationList = 94CD90F427AC0A4D000B60DA /* Build configuration list for PBXProject "Movie Hub" */;
			compatibilityVersion = "Xcode 13.0";
			developmentRegion = en;
			hasScannedForEncodings = 0;
			knownRegions = (
				en,
				Base,
			);
			mainGroup = 94CD90F027AC0A4D000B60DA;
			productRefGroup = 94CD90FA27AC0A4E000B60DA /* Products */;
			projectDirPath = "";
			projectRoot = "";
			targets = (
				94CD90F827AC0A4D000B60DA /* Movie Hub */,
				94CD910E27AC0A4F000B60DA /* Movie HubTests */,
				94CD911827AC0A4F000B60DA /* Movie HubUITests */,
			);
		};
/* End PBXProject section */

/* Begin PBXResourcesBuildPhase section */
		94CD90F727AC0A4D000B60DA /* Resources */ = {
			isa = PBXResourcesBuildPhase;
			buildActionMask = 2147483647;
			files = (
				94CD910927AC0A4F000B60DA /* LaunchScreen.storyboard in Resources */,
				94CD910627AC0A4F000B60DA /* Assets.xcassets in Resources */,
				94CD910427AC0A4E000B60DA /* Main.storyboard in Resources */,
			);
			runOnlyForDeploymentPostprocessing = 0;
		};
		94CD910D27AC0A4F000B60DA /* Resources */ = {
			isa = PBXResourcesBuildPhase;
			buildActionMask = 2147483647;
			files = (
			);
			runOnlyForDeploymentPostprocessing = 0;
		};
		94CD911727AC0A4F000B60DA /* Resources */ = {
			isa = PBXResourcesBuildPhase;
			buildActionMask = 2147483647;
			files = (
			);
			runOnlyForDeploymentPostprocessing = 0;
		};
/* End PBXResourcesBuildPhase section */

/* Begin PBXSourcesBuildPhase section */
		94CD90F527AC0A4D000B60DA /* Sources */ = {
			isa = PBXSourcesBuildPhase;
			buildActionMask = 2147483647;
			files = (
				94CD910127AC0A4E000B60DA /* ViewController.swift in Sources */,
				94CD90FD27AC0A4E000B60DA /* AppDelegate.swift in Sources */,
				94CD90FF27AC0A4E000B60DA /* SceneDelegate.swift in Sources */,
			);
			runOnlyForDeploymentPostprocessing = 0;
		};
		94CD910B27AC0A4F000B60DA /* Sources */ = {
			isa = PBXSourcesBuildPhase;
			buildActionMask = 2147483647;
			files = (
				94CD911427AC0A4F000B60DA /* Movie_HubTests.swift in Sources */,
			);
			runOnlyForDeploymentPostprocessing = 0;
		};
		94CD911527AC0A4F000B60DA /* Sources */ = {
			isa = PBXSourcesBuildPhase;
			buildActionMask = 2147483647;
			files = (
				94CD911E27AC0A4F000B60DA /* Movie_HubUITests.swift in Sources */,
				94CD912027AC0A4F000B60DA /* Movie_HubUITestsLaunchTests.swift in Sources */,
			);
			runOnlyForDeploymentPostprocessing = 0;
		};
/* End PBXSourcesBuildPhase section */

/* Begin PBXTargetDependency section */
		94CD911127AC0A4F000B60DA /* PBXTargetDependency */ = {
			isa = PBXTargetDependency;
			target = 94CD90F827AC0A4D000B60DA /* Movie Hub */;
			targetProxy = 94CD911027AC0A4F000B60DA /* PBXContainerItemProxy */;
		};
		94CD911B27AC0A4F000B60DA /* PBXTargetDependency */ = {
			isa = PBXTargetDependency;
			target = 94CD90F827AC0A4D000B60DA /* Movie Hub */;
			targetProxy = 94CD911A27AC0A4F000B60DA /* PBXContainerItemProxy */;
		};
/* End PBXTargetDependency section */

/* Begin PBXVariantGroup section */
		94CD910227AC0A4E000B60DA /* Main.storyboard */ = {
			isa = PBXVariantGroup;
			children = (
				94CD910327AC0A4E000B60DA /* Base */,
			);
			name = Main.storyboard;
			sourceTree = "<group>";
		};
		94CD910727AC0A4F000B60DA /* LaunchScreen.storyboard */ = {
			isa = PBXVariantGroup;
			children = (
				94CD910827AC0A4F000B60DA /* Base */,
			);
			name = LaunchScreen.storyboard;
			sourceTree = "<group>";
		};
/* End PBXVariantGroup section */

/* Begin XCBuildConfiguration section */
		94CD912127AC0A4F000B60DA /* Debug */ = {
			isa = XCBuildConfiguration;
			buildSettings = {
				ALWAYS_SEARCH_USER_PATHS = NO;
				CLANG_ANALYZER_NONNULL = YES;
				CLANG_ANALYZER_NUMBER_OBJECT_CONVERSION = YES_AGGRESSIVE;
				CLANG_CXX_LANGUAGE_STANDARD = "gnu++17";
				CLANG_CXX_LIBRARY = "libc++";
				CLANG_ENABLE_MODULES = YES;
				CLANG_ENABLE_OBJC_ARC = YES;
				CLANG_ENABLE_OBJC_WEAK = YES;
				CLANG_WARN_BLOCK_CAPTURE_AUTORELEASING = YES;
				CLANG_WARN_BOOL_CONVERSION = YES;
				CLANG_WARN_COMMA = YES;
				CLANG_WARN_CONSTANT_CONVERSION = YES;
				CLANG_WARN_DEPRECATED_OBJC_IMPLEMENTATIONS = YES;
				CLANG_WARN_DIRECT_OBJC_ISA_USAGE = YES_ERROR;
				CLANG_WARN_DOCUMENTATION_COMMENTS = YES;
				CLANG_WARN_EMPTY_BODY = YES;
				CLANG_WARN_ENUM_CONVERSION = YES;
				CLANG_WARN_INFINITE_RECURSION = YES;
				CLANG_WARN_INT_CONVERSION = YES;
				CLANG_WARN_NON_LITERAL_NULL_CONVERSION = YES;
				CLANG_WARN_OBJC_IMPLICIT_RETAIN_SELF = YES;
				CLANG_WARN_OBJC_LITERAL_CONVERSION = YES;
				CLANG_WARN_OBJC_ROOT_CLASS = YES_ERROR;
				CLANG_WARN_QUOTED_INCLUDE_IN_FRAMEWORK_HEADER = YES;
				CLANG_WARN_RANGE_LOOP_ANALYSIS = YES;
				CLANG_WARN_STRICT_PROTOTYPES = YES;
				CLANG_WARN_SUSPICIOUS_MOVE = YES;
				CLANG_WARN_UNGUARDED_AVAILABILITY = YES_AGGRESSIVE;
				CLANG_WARN_UNREACHABLE_CODE = YES;
				CLANG_WARN__DUPLICATE_METHOD_MATCH = YES;
				COPY_PHASE_STRIP = NO;
				DEBUG_INFORMATION_FORMAT = dwarf;
				ENABLE_STRICT_OBJC_MSGSEND = YES;
				ENABLE_TESTABILITY = YES;
				GCC_C_LANGUAGE_STANDARD = gnu11;
				GCC_DYNAMIC_NO_PIC = NO;
				GCC_NO_COMMON_BLOCKS = YES;
				GCC_OPTIMIZATION_LEVEL = 0;
				GCC_PREPROCESSOR_DEFINITIONS = (
					"DEBUG=1",
					"$(inherited)",
				);
				GCC_WARN_64_TO_32_BIT_CONVERSION = YES;
				GCC_WARN_ABOUT_RETURN_TYPE = YES_ERROR;
				GCC_WARN_UNDECLARED_SELECTOR = YES;
				GCC_WARN_UNINITIALIZED_AUTOS = YES_AGGRESSIVE;
				GCC_WARN_UNUSED_FUNCTION = YES;
				GCC_WARN_UNUSED_VARIABLE = YES;
				IPHONEOS_DEPLOYMENT_TARGET = 15.2;
				MTL_ENABLE_DEBUG_INFO = INCLUDE_SOURCE;
				MTL_FAST_MATH = YES;
				ONLY_ACTIVE_ARCH = YES;
				SDKROOT = iphoneos;
				SWIFT_ACTIVE_COMPILATION_CONDITIONS = DEBUG;
				SWIFT_OPTIMIZATION_LEVEL = "-Onone";
			};
			name = Debug;
		};
		94CD912227AC0A4F000B60DA /* Release */ = {
			isa = XCBuildConfiguration;
			buildSettings = {
				ALWAYS_SEARCH_USER_PATHS = NO;
				CLANG_ANALYZER_NONNULL = YES;
				CLANG_ANALYZER_NUMBER_OBJECT_CONVERSION = YES_AGGRESSIVE;
				CLANG_CXX_LANGUAGE_STANDARD = "gnu++17";
				CLANG_CXX_LIBRARY = "libc++";
				CLANG_ENABLE_MODULES = YES;
				CLANG_ENABLE_OBJC_ARC = YES;
				CLANG_ENABLE_OBJC_WEAK = YES;
				CLANG_WARN_BLOCK_CAPTURE_AUTORELEASING = YES;
				CLANG_WARN_BOOL_CONVERSION = YES;
				CLANG_WARN_COMMA = YES;
				CLANG_WARN_CONSTANT_CONVERSION = YES;
				CLANG_WARN_DEPRECATED_OBJC_IMPLEMENTATIONS = YES;
				CLANG_WARN_DIRECT_OBJC_ISA_USAGE = YES_ERROR;
				CLANG_WARN_DOCUMENTATION_COMMENTS = YES;
				CLANG_WARN_EMPTY_BODY = YES;
				CLANG_WARN_ENUM_CONVERSION = YES;
				CLANG_WARN_INFINITE_RECURSION = YES;
				CLANG_WARN_INT_CONVERSION = YES;
				CLANG_WARN_NON_LITERAL_NULL_CONVERSION = YES;
				CLANG_WARN_OBJC_IMPLICIT_RETAIN_SELF = YES;
				CLANG_WARN_OBJC_LITERAL_CONVERSION = YES;
				CLANG_WARN_OBJC_ROOT_CLASS = YES_ERROR;
				CLANG_WARN_QUOTED_INCLUDE_IN_FRAMEWORK_HEADER = YES;
				CLANG_WARN_RANGE_LOOP_ANALYSIS = YES;
				CLANG_WARN_STRICT_PROTOTYPES = YES;
				CLANG_WARN_SUSPICIOUS_MOVE = YES;
				CLANG_WARN_UNGUARDED_AVAILABILITY = YES_AGGRESSIVE;
				CLANG_WARN_UNREACHABLE_CODE = YES;
				CLANG_WARN__DUPLICATE_METHOD_MATCH = YES;
				COPY_PHASE_STRIP = NO;
				DEBUG_INFORMATION_FORMAT = "dwarf-with-dsym";
				ENABLE_NS_ASSERTIONS = NO;
				ENABLE_STRICT_OBJC_MSGSEND = YES;
				GCC_C_LANGUAGE_STANDARD = gnu11;
				GCC_NO_COMMON_BLOCKS = YES;
				GCC_WARN_64_TO_32_BIT_CONVERSION = YES;
				GCC_WARN_ABOUT_RETURN_TYPE = YES_ERROR;
				GCC_WARN_UNDECLARED_SELECTOR = YES;
				GCC_WARN_UNINITIALIZED_AUTOS = YES_AGGRESSIVE;
				GCC_WARN_UNUSED_FUNCTION = YES;
				GCC_WARN_UNUSED_VARIABLE = YES;
				IPHONEOS_DEPLOYMENT_TARGET = 15.2;
				MTL_ENABLE_DEBUG_INFO = NO;
				MTL_FAST_MATH = YES;
				SDKROOT = iphoneos;
				SWIFT_COMPILATION_MODE = wholemodule;
				SWIFT_OPTIMIZATION_LEVEL = "-O";
				VALIDATE_PRODUCT = YES;
			};
			name = Release;
		};
		94CD912427AC0A4F000B60DA /* Debug */ = {
			isa = XCBuildConfiguration;
			buildSettings = {
				ASSETCATALOG_COMPILER_APPICON_NAME = AppIcon;
				ASSETCATALOG_COMPILER_GLOBAL_ACCENT_COLOR_NAME = AccentColor;
				CODE_SIGN_STYLE = Automatic;
				CURRENT_PROJECT_VERSION = 1;
				DEVELOPMENT_TEAM = JU25R34W95;
				GENERATE_INFOPLIST_FILE = YES;
				INFOPLIST_FILE = "Movie Hub/Info.plist";
				INFOPLIST_KEY_UIApplicationSupportsIndirectInputEvents = YES;
				INFOPLIST_KEY_UILaunchStoryboardName = LaunchScreen;
				INFOPLIST_KEY_UIMainStoryboardFile = Main;
				INFOPLIST_KEY_UISupportedInterfaceOrientations_iPad = "UIInterfaceOrientationPortrait UIInterfaceOrientationPortraitUpsideDown UIInterfaceOrientationLandscapeLeft UIInterfaceOrientationLandscapeRight";
				INFOPLIST_KEY_UISupportedInterfaceOrientations_iPhone = "UIInterfaceOrientationPortrait UIInterfaceOrientationLandscapeLeft UIInterfaceOrientationLandscapeRight";
				LD_RUNPATH_SEARCH_PATHS = (
					"$(inherited)",
					"@executable_path/Frameworks",
				);
				MARKETING_VERSION = 1.0;
				PRODUCT_BUNDLE_IDENTIFIER = "brainstation-23.Movie-Hub";
				PRODUCT_NAME = "$(TARGET_NAME)";
				SWIFT_EMIT_LOC_STRINGS = YES;
				SWIFT_VERSION = 5.0;
				TARGETED_DEVICE_FAMILY = "1,2";
			};
			name = Debug;
		};
		94CD912527AC0A4F000B60DA /* Release */ = {
			isa = XCBuildConfiguration;
			buildSettings = {
				ASSETCATALOG_COMPILER_APPICON_NAME = AppIcon;
				ASSETCATALOG_COMPILER_GLOBAL_ACCENT_COLOR_NAME = AccentColor;
				CODE_SIGN_STYLE = Automatic;
				CURRENT_PROJECT_VERSION = 1;
				DEVELOPMENT_TEAM = JU25R34W95;
				GENERATE_INFOPLIST_FILE = YES;
				INFOPLIST_FILE = "Movie Hub/Info.plist";
				INFOPLIST_KEY_UIApplicationSupportsIndirectInputEvents = YES;
				INFOPLIST_KEY_UILaunchStoryboardName = LaunchScreen;
				INFOPLIST_KEY_UIMainStoryboardFile = Main;
				INFOPLIST_KEY_UISupportedInterfaceOrientations_iPad = "UIInterfaceOrientationPortrait UIInterfaceOrientationPortraitUpsideDown UIInterfaceOrientationLandscapeLeft UIInterfaceOrientationLandscapeRight";
				INFOPLIST_KEY_UISupportedInterfaceOrientations_iPhone = "UIInterfaceOrientationPortrait UIInterfaceOrientationLandscapeLeft UIInterfaceOrientationLandscapeRight";
				LD_RUNPATH_SEARCH_PATHS = (
					"$(inherited)",
					"@executable_path/Frameworks",
				);
				MARKETING_VERSION = 1.0;
				PRODUCT_BUNDLE_IDENTIFIER = "brainstation-23.Movie-Hub";
				PRODUCT_NAME = "$(TARGET_NAME)";
				SWIFT_EMIT_LOC_STRINGS = YES;
				SWIFT_VERSION = 5.0;
				TARGETED_DEVICE_FAMILY = "1,2";
			};
			name = Release;
		};
		94CD912727AC0A4F000B60DA /* Debug */ = {
			isa = XCBuildConfiguration;
			buildSettings = {
				ALWAYS_EMBED_SWIFT_STANDARD_LIBRARIES = YES;
				BUNDLE_LOADER = "$(TEST_HOST)";
				CODE_SIGN_STYLE = Automatic;
				CURRENT_PROJECT_VERSION = 1;
				DEVELOPMENT_TEAM = JU25R34W95;
				GENERATE_INFOPLIST_FILE = YES;
				IPHONEOS_DEPLOYMENT_TARGET = 15.2;
				MARKETING_VERSION = 1.0;
				PRODUCT_BUNDLE_IDENTIFIER = "brainstation-23.Movie-HubTests";
				PRODUCT_NAME = "$(TARGET_NAME)";
				SWIFT_EMIT_LOC_STRINGS = NO;
				SWIFT_VERSION = 5.0;
				TARGETED_DEVICE_FAMILY = "1,2";
				TEST_HOST = "$(BUILT_PRODUCTS_DIR)/Movie Hub.app/Movie Hub";
			};
			name = Debug;
		};
		94CD912827AC0A4F000B60DA /* Release */ = {
			isa = XCBuildConfiguration;
			buildSettings = {
				ALWAYS_EMBED_SWIFT_STANDARD_LIBRARIES = YES;
				BUNDLE_LOADER = "$(TEST_HOST)";
				CODE_SIGN_STYLE = Automatic;
				CURRENT_PROJECT_VERSION = 1;
				DEVELOPMENT_TEAM = JU25R34W95;
				GENERATE_INFOPLIST_FILE = YES;
				IPHONEOS_DEPLOYMENT_TARGET = 15.2;
				MARKETING_VERSION = 1.0;
				PRODUCT_BUNDLE_IDENTIFIER = "brainstation-23.Movie-HubTests";
				PRODUCT_NAME = "$(TARGET_NAME)";
				SWIFT_EMIT_LOC_STRINGS = NO;
				SWIFT_VERSION = 5.0;
				TARGETED_DEVICE_FAMILY = "1,2";
				TEST_HOST = "$(BUILT_PRODUCTS_DIR)/Movie Hub.app/Movie Hub";
			};
			name = Release;
		};
		94CD912A27AC0A4F000B60DA /* Debug */ = {
			isa = XCBuildConfiguration;
			buildSettings = {
				ALWAYS_EMBED_SWIFT_STANDARD_LIBRARIES = YES;
				CODE_SIGN_STYLE = Automatic;
				CURRENT_PROJECT_VERSION = 1;
				DEVELOPMENT_TEAM = JU25R34W95;
				GENERATE_INFOPLIST_FILE = YES;
				MARKETING_VERSION = 1.0;
				PRODUCT_BUNDLE_IDENTIFIER = "brainstation-23.Movie-HubUITests";
				PRODUCT_NAME = "$(TARGET_NAME)";
				SWIFT_EMIT_LOC_STRINGS = NO;
				SWIFT_VERSION = 5.0;
				TARGETED_DEVICE_FAMILY = "1,2";
				TEST_TARGET_NAME = "Movie Hub";
			};
			name = Debug;
		};
		94CD912B27AC0A4F000B60DA /* Release */ = {
			isa = XCBuildConfiguration;
			buildSettings = {
				ALWAYS_EMBED_SWIFT_STANDARD_LIBRARIES = YES;
				CODE_SIGN_STYLE = Automatic;
				CURRENT_PROJECT_VERSION = 1;
				DEVELOPMENT_TEAM = JU25R34W95;
				GENERATE_INFOPLIST_FILE = YES;
				MARKETING_VERSION = 1.0;
				PRODUCT_BUNDLE_IDENTIFIER = "brainstation-23.Movie-HubUITests";
				PRODUCT_NAME = "$(TARGET_NAME)";
				SWIFT_EMIT_LOC_STRINGS = NO;
				SWIFT_VERSION = 5.0;
				TARGETED_DEVICE_FAMILY = "1,2";
				TEST_TARGET_NAME = "Movie Hub";
			};
			name = Release;
		};
/* End XCBuildConfiguration section */

/* Begin XCConfigurationList section */
		94CD90F427AC0A4D000B60DA /* Build configuration list for PBXProject "Movie Hub" */ = {
			isa = XCConfigurationList;
			buildConfigurations = (
				94CD912127AC0A4F000B60DA /* Debug */,
				94CD912227AC0A4F000B60DA /* Release */,
			);
			defaultConfigurationIsVisible = 0;
			defaultConfigurationName = Release;
		};
		94CD912327AC0A4F000B60DA /* Build configuration list for PBXNativeTarget "Movie Hub" */ = {
			isa = XCConfigurationList;
			buildConfigurations = (
				94CD912427AC0A4F000B60DA /* Debug */,
				94CD912527AC0A4F000B60DA /* Release */,
			);
			defaultConfigurationIsVisible = 0;
			defaultConfigurationName = Release;
		};
		94CD912627AC0A4F000B60DA /* Build configuration list for PBXNativeTarget "Movie HubTests" */ = {
			isa = XCConfigurationList;
			buildConfigurations = (
				94CD912727AC0A4F000B60DA /* Debug */,
				94CD912827AC0A4F000B60DA /* Release */,
			);
			defaultConfigurationIsVisible = 0;
			defaultConfigurationName = Release;
		};
		94CD912927AC0A4F000B60DA /* Build configuration list for PBXNativeTarget "Movie HubUITests" */ = {
			isa = XCConfigurationList;
			buildConfigurations = (
				94CD912A27AC0A4F000B60DA /* Debug */,
				94CD912B27AC0A4F000B60DA /* Release */,
			);
			defaultConfigurationIsVisible = 0;
			defaultConfigurationName = Release;
		};
/* End XCConfigurationList section */
	};
	rootObject = 94CD90F127AC0A4D000B60DA /* Project object */;
}
